
Microsoft Visual Studio Solution File, Format Version 12.00
# Visual Studio 15
VisualStudioVersion = 15.0.27703.2026
MinimumVisualStudioVersion = 10.0.40219.1
Project("{FAE04EC0-301F-11D3-BF4B-00C04F79EFBC}") = "ChangeTracker", "ChangeTracker\ChangeTracker.csproj", "{AA67A137-974E-4AD8-A6D7-C999F173F226}"
EndProject
Global
	GlobalSection(SolutionConfigurationPlatforms) = preSolution
		Debug|Any CPU = Debug|Any CPU
		Release|Any CPU = Release|Any CPU
	EndGlobalSection
	GlobalSection(ProjectConfigurationPlatforms) = postSolution
		{AA67A137-974E-4AD8-A6D7-C999F173F226}.Debug|Any CPU.ActiveCfg = Debug|Any CPU
		{AA67A137-974E-4AD8-A6D7-C999F173F226}.Debug|Any CPU.Build.0 = Debug|Any CPU
		{AA67A137-974E-4AD8-A6D7-C999F173F226}.Release|Any CPU.ActiveCfg = Release|Any CPU
		{AA67A137-974E-4AD8-A6D7-C999F173F226}.Release|Any CPU.Build.0 = Release|Any CPU
	EndGlobalSection
	GlobalSection(SolutionProperties) = preSolution
		HideSolutionNode = FALSE
	EndGlobalSection
	GlobalSection(ExtensibilityGlobals) = postSolution
		SolutionGuid = {76746C2A-5C66-4613-A931-77527C8E8BCC}
	EndGlobalSection
EndGlobal
